
Microsoft Visual Studio Solution File, Format Version 12.00
# Visual Studio Version 16
VisualStudioVersion = 16.0.30717.126
MinimumVisualStudioVersion = 10.0.40219.1
Project("{9A19103F-16F7-4668-BE54-9A1E7A4F7556}") = "01-ReportRepair", "01-ReportRepair\01-ReportRepair.csproj", "{36AFBC14-4558-406D-BB85-BF4CCBD10A82}"
EndProject
Project("{9A19103F-16F7-4668-BE54-9A1E7A4F7556}") = "02-PasswordPhilosophy", "02-PasswordPhilosophy\02-PasswordPhilosophy.csproj", "{4CF6B2EF-309F-4065-9AC7-EAE497614CC9}"
EndProject
Project("{FAE04EC0-301F-11D3-BF4B-00C04F79EFBC}") = "03-TobogganTrajectory", "03-TobogganTrajectory\03-TobogganTrajectory.csproj", "{43759FA5-48C0-4D2A-8B36-B535732000B7}"
EndProject
Project("{FAE04EC0-301F-11D3-BF4B-00C04F79EFBC}") = "00-Templates", "00-Templates\00-Templates.csproj", "{83849002-A4BD-44BC-BC60-D004565147CE}"
EndProject
Project("{FAE04EC0-301F-11D3-BF4B-00C04F79EFBC}") = "04-PassportProcessing", "04-PassportProcessing\04-PassportProcessing.csproj", "{80846A0E-C492-4874-B95E-A64C26F4ECA5}"
EndProject
Project("{FAE04EC0-301F-11D3-BF4B-00C04F79EFBC}") = "05-BinaryBoarding", "05-BinaryBoarding\05-BinaryBoarding.csproj", "{9040E5E6-B8BC-419E-B2C3-033E367EDF6A}"
EndProject
Project("{FAE04EC0-301F-11D3-BF4B-00C04F79EFBC}") = "06-CustomCustoms", "06-CustomCustoms\06-CustomCustoms.csproj", "{7F765EC1-1C33-44CB-B739-59F4E39B1629}"
EndProject
Project("{FAE04EC0-301F-11D3-BF4B-00C04F79EFBC}") = "07-HandyHaversacks", "07-HandyHaversacks\07-HandyHaversacks.csproj", "{FE0E30B9-B8B3-41DC-8B4B-604744390670}"
EndProject
Global
	GlobalSection(SolutionConfigurationPlatforms) = preSolution
		Debug|Any CPU = Debug|Any CPU
		Release|Any CPU = Release|Any CPU
	EndGlobalSection
	GlobalSection(ProjectConfigurationPlatforms) = postSolution
		{36AFBC14-4558-406D-BB85-BF4CCBD10A82}.Debug|Any CPU.ActiveCfg = Debug|Any CPU
		{36AFBC14-4558-406D-BB85-BF4CCBD10A82}.Debug|Any CPU.Build.0 = Debug|Any CPU
		{36AFBC14-4558-406D-BB85-BF4CCBD10A82}.Release|Any CPU.ActiveCfg = Release|Any CPU
		{36AFBC14-4558-406D-BB85-BF4CCBD10A82}.Release|Any CPU.Build.0 = Release|Any CPU
		{4CF6B2EF-309F-4065-9AC7-EAE497614CC9}.Debug|Any CPU.ActiveCfg = Debug|Any CPU
		{4CF6B2EF-309F-4065-9AC7-EAE497614CC9}.Debug|Any CPU.Build.0 = Debug|Any CPU
		{4CF6B2EF-309F-4065-9AC7-EAE497614CC9}.Release|Any CPU.ActiveCfg = Release|Any CPU
		{4CF6B2EF-309F-4065-9AC7-EAE497614CC9}.Release|Any CPU.Build.0 = Release|Any CPU
		{43759FA5-48C0-4D2A-8B36-B535732000B7}.Debug|Any CPU.ActiveCfg = Debug|Any CPU
		{43759FA5-48C0-4D2A-8B36-B535732000B7}.Debug|Any CPU.Build.0 = Debug|Any CPU
		{43759FA5-48C0-4D2A-8B36-B535732000B7}.Release|Any CPU.ActiveCfg = Release|Any CPU
		{43759FA5-48C0-4D2A-8B36-B535732000B7}.Release|Any CPU.Build.0 = Release|Any CPU
		{83849002-A4BD-44BC-BC60-D004565147CE}.Debug|Any CPU.ActiveCfg = Debug|Any CPU
		{83849002-A4BD-44BC-BC60-D004565147CE}.Debug|Any CPU.Build.0 = Debug|Any CPU
		{83849002-A4BD-44BC-BC60-D004565147CE}.Release|Any CPU.ActiveCfg = Release|Any CPU
		{83849002-A4BD-44BC-BC60-D004565147CE}.Release|Any CPU.Build.0 = Release|Any CPU
		{80846A0E-C492-4874-B95E-A64C26F4ECA5}.Debug|Any CPU.ActiveCfg = Debug|Any CPU
		{80846A0E-C492-4874-B95E-A64C26F4ECA5}.Debug|Any CPU.Build.0 = Debug|Any CPU
		{80846A0E-C492-4874-B95E-A64C26F4ECA5}.Release|Any CPU.ActiveCfg = Release|Any CPU
		{80846A0E-C492-4874-B95E-A64C26F4ECA5}.Release|Any CPU.Build.0 = Release|Any CPU
		{9040E5E6-B8BC-419E-B2C3-033E367EDF6A}.Debug|Any CPU.ActiveCfg = Debug|Any CPU
		{9040E5E6-B8BC-419E-B2C3-033E367EDF6A}.Debug|Any CPU.Build.0 = Debug|Any CPU
		{9040E5E6-B8BC-419E-B2C3-033E367EDF6A}.Release|Any CPU.ActiveCfg = Release|Any CPU
		{9040E5E6-B8BC-419E-B2C3-033E367EDF6A}.Release|Any CPU.Build.0 = Release|Any CPU
		{7F765EC1-1C33-44CB-B739-59F4E39B1629}.Debug|Any CPU.ActiveCfg = Debug|Any CPU
		{7F765EC1-1C33-44CB-B739-59F4E39B1629}.Debug|Any CPU.Build.0 = Debug|Any CPU
		{7F765EC1-1C33-44CB-B739-59F4E39B1629}.Release|Any CPU.ActiveCfg = Release|Any CPU
		{7F765EC1-1C33-44CB-B739-59F4E39B1629}.Release|Any CPU.Build.0 = Release|Any CPU
		{FE0E30B9-B8B3-41DC-8B4B-604744390670}.Debug|Any CPU.ActiveCfg = Debug|Any CPU
		{FE0E30B9-B8B3-41DC-8B4B-604744390670}.Debug|Any CPU.Build.0 = Debug|Any CPU
		{FE0E30B9-B8B3-41DC-8B4B-604744390670}.Release|Any CPU.ActiveCfg = Release|Any CPU
		{FE0E30B9-B8B3-41DC-8B4B-604744390670}.Release|Any CPU.Build.0 = Release|Any CPU
	EndGlobalSection
	GlobalSection(SolutionProperties) = preSolution
		HideSolutionNode = FALSE
	EndGlobalSection
	GlobalSection(ExtensibilityGlobals) = postSolution
		SolutionGuid = {2417BB7A-F609-49FB-8439-E6F8771579B5}
	EndGlobalSection
EndGlobal
