
Microsoft Visual Studio Solution File, Format Version 12.00
# Visual Studio Version 16
VisualStudioVersion = 16.0.30717.126
MinimumVisualStudioVersion = 10.0.40219.1
Project("{FAE04EC0-301F-11D3-BF4B-00C04F79EFBC}") = "01-ReportRepair", "01-ReportRepair\01-ReportRepair.csproj", "{36AFBC14-4558-406D-BB85-BF4CCBD10A82}"
EndProject
Project("{FAE04EC0-301F-11D3-BF4B-00C04F79EFBC}") = "02-PasswordPhilosophy", "02-PasswordPhilosophy\02-PasswordPhilosophy.csproj", "{4CF6B2EF-309F-4065-9AC7-EAE497614CC9}"
EndProject
Global
	GlobalSection(SolutionConfigurationPlatforms) = preSolution
		Debug|Any CPU = Debug|Any CPU
		Release|Any CPU = Release|Any CPU
	EndGlobalSection
	GlobalSection(ProjectConfigurationPlatforms) = postSolution
		{36AFBC14-4558-406D-BB85-BF4CCBD10A82}.Debug|Any CPU.ActiveCfg = Debug|Any CPU
		{36AFBC14-4558-406D-BB85-BF4CCBD10A82}.Debug|Any CPU.Build.0 = Debug|Any CPU
		{36AFBC14-4558-406D-BB85-BF4CCBD10A82}.Release|Any CPU.ActiveCfg = Release|Any CPU
		{36AFBC14-4558-406D-BB85-BF4CCBD10A82}.Release|Any CPU.Build.0 = Release|Any CPU
		{4CF6B2EF-309F-4065-9AC7-EAE497614CC9}.Debug|Any CPU.ActiveCfg = Debug|Any CPU
		{4CF6B2EF-309F-4065-9AC7-EAE497614CC9}.Debug|Any CPU.Build.0 = Debug|Any CPU
		{4CF6B2EF-309F-4065-9AC7-EAE497614CC9}.Release|Any CPU.ActiveCfg = Release|Any CPU
		{4CF6B2EF-309F-4065-9AC7-EAE497614CC9}.Release|Any CPU.Build.0 = Release|Any CPU
	EndGlobalSection
	GlobalSection(SolutionProperties) = preSolution
		HideSolutionNode = FALSE
	EndGlobalSection
	GlobalSection(ExtensibilityGlobals) = postSolution
		SolutionGuid = {2417BB7A-F609-49FB-8439-E6F8771579B5}
	EndGlobalSection
EndGlobal
